// !$*UTF8*$!
{
	archiveVersion = 1;
	classes = {
	};
	objectVersion = 46;
	objects = {

/* Begin PBXBuildFile section */
		A1093B9F1D2E4CF200E38BA9 /* AppDelegate.swift in Sources */ = {isa = PBXBuildFile; fileRef = A1093B9E1D2E4CF200E38BA9 /* AppDelegate.swift */; };
		A1093BA11D2E4CF200E38BA9 /* ViewController.swift in Sources */ = {isa = PBXBuildFile; fileRef = A1093BA01D2E4CF200E38BA9 /* ViewController.swift */; };
		A1093BA41D2E4CF200E38BA9 /* Main.storyboard in Resources */ = {isa = PBXBuildFile; fileRef = A1093BA21D2E4CF200E38BA9 /* Main.storyboard */; };
		A1093BA61D2E4CF200E38BA9 /* Images.xcassets in Resources */ = {isa = PBXBuildFile; fileRef = A1093BA51D2E4CF200E38BA9 /* Images.xcassets */; };
		A1093BA91D2E4CF200E38BA9 /* LaunchScreen.xib in Resources */ = {isa = PBXBuildFile; fileRef = A1093BA71D2E4CF200E38BA9 /* LaunchScreen.xib */; };
		A1093BB51D2E4CF200E38BA9 /* EcoWinTests.swift in Sources */ = {isa = PBXBuildFile; fileRef = A1093BB41D2E4CF200E38BA9 /* EcoWinTests.swift */; };
		A174EAB11D3AFCB0003B46A1 /* addTableViewController.swift in Sources */ = {isa = PBXBuildFile; fileRef = A174EAB01D3AFCB0003B46A1 /* addTableViewController.swift */; };
		A1761FBC1D3983D900269ECE /* small-checkbox.png in Resources */ = {isa = PBXBuildFile; fileRef = A1761FBB1D3983D900269ECE /* small-checkbox.png */; };
		A1BE9D101D39D3F500144B72 /* tableViewControllerTableViewController.swift in Sources */ = {isa = PBXBuildFile; fileRef = A1BE9D0F1D39D3F500144B72 /* tableViewControllerTableViewController.swift */; };
/* End PBXBuildFile section */

/* Begin PBXContainerItemProxy section */
		A1093BAF1D2E4CF200E38BA9 /* PBXContainerItemProxy */ = {
			isa = PBXContainerItemProxy;
			containerPortal = A1093B911D2E4CF200E38BA9 /* Project object */;
			proxyType = 1;
			remoteGlobalIDString = A1093B981D2E4CF200E38BA9;
			remoteInfo = EcoWin;
		};
/* End PBXContainerItemProxy section */

/* Begin PBXFileReference section */
		A1093B991D2E4CF200E38BA9 /* EcoWin.app */ = {isa = PBXFileReference; explicitFileType = wrapper.application; includeInIndex = 0; path = EcoWin.app; sourceTree = BUILT_PRODUCTS_DIR; };
		A1093B9D1D2E4CF200E38BA9 /* Info.plist */ = {isa = PBXFileReference; lastKnownFileType = text.plist.xml; path = Info.plist; sourceTree = "<group>"; };
		A1093B9E1D2E4CF200E38BA9 /* AppDelegate.swift */ = {isa = PBXFileReference; lastKnownFileType = sourcecode.swift; path = AppDelegate.swift; sourceTree = "<group>"; };
		A1093BA01D2E4CF200E38BA9 /* ViewController.swift */ = {isa = PBXFileReference; lastKnownFileType = sourcecode.swift; path = ViewController.swift; sourceTree = "<group>"; };
		A1093BA31D2E4CF200E38BA9 /* Base */ = {isa = PBXFileReference; lastKnownFileType = file.storyboard; name = Base; path = Base.lproj/Main.storyboard; sourceTree = "<group>"; };
		A1093BA51D2E4CF200E38BA9 /* Images.xcassets */ = {isa = PBXFileReference; lastKnownFileType = folder.assetcatalog; path = Images.xcassets; sourceTree = "<group>"; };
		A1093BA81D2E4CF200E38BA9 /* Base */ = {isa = PBXFileReference; lastKnownFileType = file.xib; name = Base; path = Base.lproj/LaunchScreen.xib; sourceTree = "<group>"; };
		A1093BAE1D2E4CF200E38BA9 /* EcoWinTests.xctest */ = {isa = PBXFileReference; explicitFileType = wrapper.cfbundle; includeInIndex = 0; path = EcoWinTests.xctest; sourceTree = BUILT_PRODUCTS_DIR; };
		A1093BB31D2E4CF200E38BA9 /* Info.plist */ = {isa = PBXFileReference; lastKnownFileType = text.plist.xml; path = Info.plist; sourceTree = "<group>"; };
		A1093BB41D2E4CF200E38BA9 /* EcoWinTests.swift */ = {isa = PBXFileReference; lastKnownFileType = sourcecode.swift; path = EcoWinTests.swift; sourceTree = "<group>"; };
		A174EAB01D3AFCB0003B46A1 /* addTableViewController.swift */ = {isa = PBXFileReference; fileEncoding = 4; lastKnownFileType = sourcecode.swift; path = addTableViewController.swift; sourceTree = "<group>"; };
		A1761FBB1D3983D900269ECE /* small-checkbox.png */ = {isa = PBXFileReference; lastKnownFileType = image.png; name = "small-checkbox.png"; path = "../../small-checkbox.png"; sourceTree = "<group>"; };
		A1BE9D0F1D39D3F500144B72 /* tableViewControllerTableViewController.swift */ = {isa = PBXFileReference; fileEncoding = 4; lastKnownFileType = sourcecode.swift; path = tableViewControllerTableViewController.swift; sourceTree = "<group>"; };
/* End PBXFileReference section */

/* Begin PBXFrameworksBuildPhase section */
		A1093B961D2E4CF200E38BA9 /* Frameworks */ = {
			isa = PBXFrameworksBuildPhase;
			buildActionMask = 2147483647;
			files = (
			);
			runOnlyForDeploymentPostprocessing = 0;
		};
		A1093BAB1D2E4CF200E38BA9 /* Frameworks */ = {
			isa = PBXFrameworksBuildPhase;
			buildActionMask = 2147483647;
			files = (
			);
			runOnlyForDeploymentPostprocessing = 0;
		};
/* End PBXFrameworksBuildPhase section */

/* Begin PBXGroup section */
		A1093B901D2E4CF200E38BA9 = {
			isa = PBXGroup;
			children = (
				A1093B9B1D2E4CF200E38BA9 /* EcoWin */,
				A1093BB11D2E4CF200E38BA9 /* EcoWinTests */,
				A1093B9A1D2E4CF200E38BA9 /* Products */,
			);
			sourceTree = "<group>";
		};
		A1093B9A1D2E4CF200E38BA9 /* Products */ = {
			isa = PBXGroup;
			children = (
				A1093B991D2E4CF200E38BA9 /* EcoWin.app */,
				A1093BAE1D2E4CF200E38BA9 /* EcoWinTests.xctest */,
			);
			name = Products;
			sourceTree = "<group>";
		};
		A1093B9B1D2E4CF200E38BA9 /* EcoWin */ = {
			isa = PBXGroup;
			children = (
				A1093B9E1D2E4CF200E38BA9 /* AppDelegate.swift */,
				A1BE9D0F1D39D3F500144B72 /* tableViewControllerTableViewController.swift */,
				A1093BA01D2E4CF200E38BA9 /* ViewController.swift */,
				A174EAB01D3AFCB0003B46A1 /* addTableViewController.swift */,
				A1093BA21D2E4CF200E38BA9 /* Main.storyboard */,
				A1093BA51D2E4CF200E38BA9 /* Images.xcassets */,
				A1093BA71D2E4CF200E38BA9 /* LaunchScreen.xib */,
				A1093B9C1D2E4CF200E38BA9 /* Supporting Files */,
			);
			path = EcoWin;
			sourceTree = "<group>";
		};
		A1093B9C1D2E4CF200E38BA9 /* Supporting Files */ = {
			isa = PBXGroup;
			children = (
				A1761FBB1D3983D900269ECE /* small-checkbox.png */,
				A1093B9D1D2E4CF200E38BA9 /* Info.plist */,
			);
			name = "Supporting Files";
			sourceTree = "<group>";
		};
		A1093BB11D2E4CF200E38BA9 /* EcoWinTests */ = {
			isa = PBXGroup;
			children = (
				A1093BB41D2E4CF200E38BA9 /* EcoWinTests.swift */,
				A1093BB21D2E4CF200E38BA9 /* Supporting Files */,
			);
			path = EcoWinTests;
			sourceTree = "<group>";
		};
		A1093BB21D2E4CF200E38BA9 /* Supporting Files */ = {
			isa = PBXGroup;
			children = (
				A1093BB31D2E4CF200E38BA9 /* Info.plist */,
			);
			name = "Supporting Files";
			sourceTree = "<group>";
		};
/* End PBXGroup section */

/* Begin PBXNativeTarget section */
		A1093B981D2E4CF200E38BA9 /* EcoWin */ = {
			isa = PBXNativeTarget;
			buildConfigurationList = A1093BB81D2E4CF200E38BA9 /* Build configuration list for PBXNativeTarget "EcoWin" */;
			buildPhases = (
				A1093B951D2E4CF200E38BA9 /* Sources */,
				A1093B961D2E4CF200E38BA9 /* Frameworks */,
				A1093B971D2E4CF200E38BA9 /* Resources */,
			);
			buildRules = (
			);
			dependencies = (
			);
			name = EcoWin;
			productName = EcoWin;
			productReference = A1093B991D2E4CF200E38BA9 /* EcoWin.app */;
			productType = "com.apple.product-type.application";
		};
		A1093BAD1D2E4CF200E38BA9 /* EcoWinTests */ = {
			isa = PBXNativeTarget;
			buildConfigurationList = A1093BBB1D2E4CF200E38BA9 /* Build configuration list for PBXNativeTarget "EcoWinTests" */;
			buildPhases = (
				A1093BAA1D2E4CF200E38BA9 /* Sources */,
				A1093BAB1D2E4CF200E38BA9 /* Frameworks */,
				A1093BAC1D2E4CF200E38BA9 /* Resources */,
			);
			buildRules = (
			);
			dependencies = (
				A1093BB01D2E4CF200E38BA9 /* PBXTargetDependency */,
			);
			name = EcoWinTests;
			productName = EcoWinTests;
			productReference = A1093BAE1D2E4CF200E38BA9 /* EcoWinTests.xctest */;
			productType = "com.apple.product-type.bundle.unit-test";
		};
/* End PBXNativeTarget section */

/* Begin PBXProject section */
		A1093B911D2E4CF200E38BA9 /* Project object */ = {
			isa = PBXProject;
			attributes = {
				LastUpgradeCheck = 0610;
				ORGANIZATIONNAME = "Nehul Yadav";
				TargetAttributes = {
					A1093B981D2E4CF200E38BA9 = {
						CreatedOnToolsVersion = 6.1;
					};
					A1093BAD1D2E4CF200E38BA9 = {
						CreatedOnToolsVersion = 6.1;
						TestTargetID = A1093B981D2E4CF200E38BA9;
					};
				};
			};
			buildConfigurationList = A1093B941D2E4CF200E38BA9 /* Build configuration list for PBXProject "EcoWin" */;
			compatibilityVersion = "Xcode 3.2";
			developmentRegion = English;
			hasScannedForEncodings = 0;
			knownRegions = (
				en,
				Base,
			);
			mainGroup = A1093B901D2E4CF200E38BA9;
			productRefGroup = A1093B9A1D2E4CF200E38BA9 /* Products */;
			projectDirPath = "";
			projectRoot = "";
			targets = (
				A1093B981D2E4CF200E38BA9 /* EcoWin */,
				A1093BAD1D2E4CF200E38BA9 /* EcoWinTests */,
			);
		};
/* End PBXProject section */

/* Begin PBXResourcesBuildPhase section */
		A1093B971D2E4CF200E38BA9 /* Resources */ = {
			isa = PBXResourcesBuildPhase;
			buildActionMask = 2147483647;
			files = (
				A1093BA41D2E4CF200E38BA9 /* Main.storyboard in Resources */,
				A1093BA91D2E4CF200E38BA9 /* LaunchScreen.xib in Resources */,
				A1761FBC1D3983D900269ECE /* small-checkbox.png in Resources */,
				A1093BA61D2E4CF200E38BA9 /* Images.xcassets in Resources */,
			);
			runOnlyForDeploymentPostprocessing = 0;
		};
		A1093BAC1D2E4CF200E38BA9 /* Resources */ = {
			isa = PBXResourcesBuildPhase;
			buildActionMask = 2147483647;
			files = (
			);
			runOnlyForDeploymentPostprocessing = 0;
		};
/* End PBXResourcesBuildPhase section */

/* Begin PBXSourcesBuildPhase section */
		A1093B951D2E4CF200E38BA9 /* Sources */ = {
			isa = PBXSourcesBuildPhase;
			buildActionMask = 2147483647;
			files = (
				A1093BA11D2E4CF200E38BA9 /* ViewController.swift in Sources */,
				A1BE9D101D39D3F500144B72 /* tableViewControllerTableViewController.swift in Sources */,
				A1093B9F1D2E4CF200E38BA9 /* AppDelegate.swift in Sources */,
				A174EAB11D3AFCB0003B46A1 /* addTableViewController.swift in Sources */,
			);
			runOnlyForDeploymentPostprocessing = 0;
		};
		A1093BAA1D2E4CF200E38BA9 /* Sources */ = {
			isa = PBXSourcesBuildPhase;
			buildActionMask = 2147483647;
			files = (
				A1093BB51D2E4CF200E38BA9 /* EcoWinTests.swift in Sources */,
			);
			runOnlyForDeploymentPostprocessing = 0;
		};
/* End PBXSourcesBuildPhase section */

/* Begin PBXTargetDependency section */
		A1093BB01D2E4CF200E38BA9 /* PBXTargetDependency */ = {
			isa = PBXTargetDependency;
			target = A1093B981D2E4CF200E38BA9 /* EcoWin */;
			targetProxy = A1093BAF1D2E4CF200E38BA9 /* PBXContainerItemProxy */;
		};
/* End PBXTargetDependency section */

/* Begin PBXVariantGroup section */
		A1093BA21D2E4CF200E38BA9 /* Main.storyboard */ = {
			isa = PBXVariantGroup;
			children = (
				A1093BA31D2E4CF200E38BA9 /* Base */,
			);
			name = Main.storyboard;
			sourceTree = "<group>";
		};
		A1093BA71D2E4CF200E38BA9 /* LaunchScreen.xib */ = {
			isa = PBXVariantGroup;
			children = (
				A1093BA81D2E4CF200E38BA9 /* Base */,
			);
			name = LaunchScreen.xib;
			sourceTree = "<group>";
		};
/* End PBXVariantGroup section */

/* Begin XCBuildConfiguration section */
		A1093BB61D2E4CF200E38BA9 /* Debug */ = {
			isa = XCBuildConfiguration;
			buildSettings = {
				ALWAYS_SEARCH_USER_PATHS = NO;
				CLANG_CXX_LANGUAGE_STANDARD = "gnu++0x";
				CLANG_CXX_LIBRARY = "libc++";
				CLANG_ENABLE_MODULES = YES;
				CLANG_ENABLE_OBJC_ARC = YES;
				CLANG_WARN_BOOL_CONVERSION = YES;
				CLANG_WARN_CONSTANT_CONVERSION = YES;
				CLANG_WARN_DIRECT_OBJC_ISA_USAGE = YES_ERROR;
				CLANG_WARN_EMPTY_BODY = YES;
				CLANG_WARN_ENUM_CONVERSION = YES;
				CLANG_WARN_INT_CONVERSION = YES;
				CLANG_WARN_OBJC_ROOT_CLASS = YES_ERROR;
				CLANG_WARN_UNREACHABLE_CODE = YES;
				CLANG_WARN__DUPLICATE_METHOD_MATCH = YES;
				"CODE_SIGN_IDENTITY[sdk=iphoneos*]" = "iPhone Developer";
				COPY_PHASE_STRIP = NO;
				ENABLE_STRICT_OBJC_MSGSEND = YES;
				GCC_C_LANGUAGE_STANDARD = gnu99;
				GCC_DYNAMIC_NO_PIC = NO;
				GCC_OPTIMIZATION_LEVEL = 0;
				GCC_PREPROCESSOR_DEFINITIONS = (
					"DEBUG=1",
					"$(inherited)",
				);
				GCC_SYMBOLS_PRIVATE_EXTERN = NO;
				GCC_WARN_64_TO_32_BIT_CONVERSION = YES;
				GCC_WARN_ABOUT_RETURN_TYPE = YES_ERROR;
				GCC_WARN_UNDECLARED_SELECTOR = YES;
				GCC_WARN_UNINITIALIZED_AUTOS = YES_AGGRESSIVE;
				GCC_WARN_UNUSED_FUNCTION = YES;
				GCC_WARN_UNUSED_VARIABLE = YES;
				IPHONEOS_DEPLOYMENT_TARGET = 8.1;
				MTL_ENABLE_DEBUG_INFO = YES;
				ONLY_ACTIVE_ARCH = YES;
				SDKROOT = iphoneos;
				SWIFT_OPTIMIZATION_LEVEL = "-Onone";
			};
			name = Debug;
		};
		A1093BB71D2E4CF200E38BA9 /* Release */ = {
			isa = XCBuildConfiguration;
			buildSettings = {
				ALWAYS_SEARCH_USER_PATHS = NO;
				CLANG_CXX_LANGUAGE_STANDARD = "gnu++0x";
				CLANG_CXX_LIBRARY = "libc++";
				CLANG_ENABLE_MODULES = YES;
				CLANG_ENABLE_OBJC_ARC = YES;
				CLANG_WARN_BOOL_CONVERSION = YES;
				CLANG_WARN_CONSTANT_CONVERSION = YES;
				CLANG_WARN_DIRECT_OBJC_ISA_USAGE = YES_ERROR;
				CLANG_WARN_EMPTY_BODY = YES;
				CLANG_WARN_ENUM_CONVERSION = YES;
				CLANG_WARN_INT_CONVERSION = YES;
				CLANG_WARN_OBJC_ROOT_CLASS = YES_ERROR;
				CLANG_WARN_UNREACHABLE_CODE = YES;
				CLANG_WARN__DUPLICATE_METHOD_MATCH = YES;
				"CODE_SIGN_IDENTITY[sdk=iphoneos*]" = "iPhone Developer";
				COPY_PHASE_STRIP = YES;
				ENABLE_NS_ASSERTIONS = NO;
				ENABLE_STRICT_OBJC_MSGSEND = YES;
				GCC_C_LANGUAGE_STANDARD = gnu99;
				GCC_WARN_64_TO_32_BIT_CONVERSION = YES;
				GCC_WARN_ABOUT_RETURN_TYPE = YES_ERROR;
				GCC_WARN_UNDECLARED_SELECTOR = YES;
				GCC_WARN_UNINITIALIZED_AUTOS = YES_AGGRESSIVE;
				GCC_WARN_UNUSED_FUNCTION = YES;
				GCC_WARN_UNUSED_VARIABLE = YES;
				IPHONEOS_DEPLOYMENT_TARGET = 8.1;
				MTL_ENABLE_DEBUG_INFO = NO;
				SDKROOT = iphoneos;
				VALIDATE_PRODUCT = YES;
			};
			name = Release;
		};
		A1093BB91D2E4CF200E38BA9 /* Debug */ = {
			isa = XCBuildConfiguration;
			buildSettings = {
				ASSETCATALOG_COMPILER_APPICON_NAME = AppIcon;
				INFOPLIST_FILE = EcoWin/Info.plist;
				LD_RUNPATH_SEARCH_PATHS = "$(inherited) @executable_path/Frameworks";
				PRODUCT_NAME = "$(TARGET_NAME)";
			};
			name = Debug;
		};
		A1093BBA1D2E4CF200E38BA9 /* Release */ = {
			isa = XCBuildConfiguration;
			buildSettings = {
				ASSETCATALOG_COMPILER_APPICON_NAME = AppIcon;
				INFOPLIST_FILE = EcoWin/Info.plist;
				LD_RUNPATH_SEARCH_PATHS = "$(inherited) @executable_path/Frameworks";
				PRODUCT_NAME = "$(TARGET_NAME)";
			};
			name = Release;
		};
		A1093BBC1D2E4CF200E38BA9 /* Debug */ = {
			isa = XCBuildConfiguration;
			buildSettings = {
				BUNDLE_LOADER = "$(TEST_HOST)";
				FRAMEWORK_SEARCH_PATHS = (
					"$(SDKROOT)/Developer/Library/Frameworks",
					"$(inherited)",
				);
				GCC_PREPROCESSOR_DEFINITIONS = (
					"DEBUG=1",
					"$(inherited)",
				);
				INFOPLIST_FILE = EcoWinTests/Info.plist;
				LD_RUNPATH_SEARCH_PATHS = "$(inherited) @executable_path/Frameworks @loader_path/Frameworks";
				PRODUCT_NAME = "$(TARGET_NAME)";
				TEST_HOST = "$(BUILT_PRODUCTS_DIR)/EcoWin.app/EcoWin";
			};
			name = Debug;
		};
		A1093BBD1D2E4CF200E38BA9 /* Release */ = {
			isa = XCBuildConfiguration;
			buildSettings = {
				BUNDLE_LOADER = "$(TEST_HOST)";
				FRAMEWORK_SEARCH_PATHS = (
					"$(SDKROOT)/Developer/Library/Frameworks",
					"$(inherited)",
				);
				INFOPLIST_FILE = EcoWinTests/Info.plist;
				LD_RUNPATH_SEARCH_PATHS = "$(inherited) @executable_path/Frameworks @loader_path/Frameworks";
				PRODUCT_NAME = "$(TARGET_NAME)";
				TEST_HOST = "$(BUILT_PRODUCTS_DIR)/EcoWin.app/EcoWin";
			};
			name = Release;
		};
/* End XCBuildConfiguration section */

/* Begin XCConfigurationList section */
		A1093B941D2E4CF200E38BA9 /* Build configuration list for PBXProject "EcoWin" */ = {
			isa = XCConfigurationList;
			buildConfigurations = (
				A1093BB61D2E4CF200E38BA9 /* Debug */,
				A1093BB71D2E4CF200E38BA9 /* Release */,
			);
			defaultConfigurationIsVisible = 0;
			defaultConfigurationName = Release;
		};
		A1093BB81D2E4CF200E38BA9 /* Build configuration list for PBXNativeTarget "EcoWin" */ = {
			isa = XCConfigurationList;
			buildConfigurations = (
				A1093BB91D2E4CF200E38BA9 /* Debug */,
				A1093BBA1D2E4CF200E38BA9 /* Release */,
			);
			defaultConfigurationIsVisible = 0;
			defaultConfigurationName = Release;
		};
		A1093BBB1D2E4CF200E38BA9 /* Build configuration list for PBXNativeTarget "EcoWinTests" */ = {
			isa = XCConfigurationList;
			buildConfigurations = (
				A1093BBC1D2E4CF200E38BA9 /* Debug */,
				A1093BBD1D2E4CF200E38BA9 /* Release */,
			);
			defaultConfigurationIsVisible = 0;
			defaultConfigurationName = Release;
		};
/* End XCConfigurationList section */
	};
	rootObject = A1093B911D2E4CF200E38BA9 /* Project object */;
}
